// !$*UTF8*$!
{
	archiveVersion = 1;
	classes = {
	};
	objectVersion = 46;
	objects = {

/* Begin PBXBuildFile section */
		424AD91D1DC7E3EE00124CE8 /* DoubleExtension.swift in Sources */ = {isa = PBXBuildFile; fileRef = 424AD91C1DC7E3EE00124CE8 /* DoubleExtension.swift */; };
		426E981D1DC72C8400DA5EC2 /* StartenViewController.swift in Sources */ = {isa = PBXBuildFile; fileRef = 426E981C1DC72C8400DA5EC2 /* StartenViewController.swift */; };
		426E981F1DC7BCEB00DA5EC2 /* Übung.swift in Sources */ = {isa = PBXBuildFile; fileRef = 426E981E1DC7BCEB00DA5EC2 /* Übung.swift */; };
		42B6C63D1DC1D31F00E34C6D /* AppDelegate.swift in Sources */ = {isa = PBXBuildFile; fileRef = 42B6C63C1DC1D31F00E34C6D /* AppDelegate.swift */; };
		42B6C63F1DC1D31F00E34C6D /* RechnenViewController.swift in Sources */ = {isa = PBXBuildFile; fileRef = 42B6C63E1DC1D31F00E34C6D /* RechnenViewController.swift */; };
		42B6C6411DC1D31F00E34C6D /* Assets.xcassets in Resources */ = {isa = PBXBuildFile; fileRef = 42B6C6401DC1D31F00E34C6D /* Assets.xcassets */; };
		42B6C6441DC1D31F00E34C6D /* Main.storyboard in Resources */ = {isa = PBXBuildFile; fileRef = 42B6C6421DC1D31F00E34C6D /* Main.storyboard */; };
		42B6C64C1DC1D39200E34C6D /* RechnenWindowController.swift in Sources */ = {isa = PBXBuildFile; fileRef = 42B6C64B1DC1D39200E34C6D /* RechnenWindowController.swift */; };
		42B6C64E1DC1D42F00E34C6D /* EinstellungenViewController.swift in Sources */ = {isa = PBXBuildFile; fileRef = 42B6C64D1DC1D42F00E34C6D /* EinstellungenViewController.swift */; };
		42B6C6501DC1D51200E34C6D /* RechnenPreferences.swift in Sources */ = {isa = PBXBuildFile; fileRef = 42B6C64F1DC1D51200E34C6D /* RechnenPreferences.swift */; };
		42B6C6541DC1D5A800E34C6D /* Rechnung.swift in Sources */ = {isa = PBXBuildFile; fileRef = 42B6C6531DC1D5A800E34C6D /* Rechnung.swift */; };
		42E502C41DCB3F2400BCEC4A /* CustomTimer.swift in Sources */ = {isa = PBXBuildFile; fileRef = 42E502C31DCB3F2400BCEC4A /* CustomTimer.swift */; };
		A793BA5C1DC4C8D3007A95A8 /* CustomSegue.swift in Sources */ = {isa = PBXBuildFile; fileRef = A793BA5B1DC4C8D3007A95A8 /* CustomSegue.swift */; };
		A793BA5E1DC4C8F9007A95A8 /* SlideLeftSegue.swift in Sources */ = {isa = PBXBuildFile; fileRef = A793BA5D1DC4C8F9007A95A8 /* SlideLeftSegue.swift */; };
		A793BA601DC4C911007A95A8 /* SlideRightSegue.swift in Sources */ = {isa = PBXBuildFile; fileRef = A793BA5F1DC4C911007A95A8 /* SlideRightSegue.swift */; };
		A7F947481DC335A600E7D286 /* ContainerViewController.swift in Sources */ = {isa = PBXBuildFile; fileRef = A7F947471DC335A600E7D286 /* ContainerViewController.swift */; };
		A7F9474C1DC335D800E7D286 /* BewertenViewController.swift in Sources */ = {isa = PBXBuildFile; fileRef = A7F9474B1DC335D800E7D286 /* BewertenViewController.swift */; };
/* End PBXBuildFile section */

/* Begin PBXFileReference section */
		424AD91C1DC7E3EE00124CE8 /* DoubleExtension.swift */ = {isa = PBXFileReference; fileEncoding = 4; lastKnownFileType = sourcecode.swift; path = DoubleExtension.swift; sourceTree = "<group>"; };
		426E981C1DC72C8400DA5EC2 /* StartenViewController.swift */ = {isa = PBXFileReference; fileEncoding = 4; lastKnownFileType = sourcecode.swift; path = StartenViewController.swift; sourceTree = "<group>"; };
		426E981E1DC7BCEB00DA5EC2 /* Übung.swift */ = {isa = PBXFileReference; fileEncoding = 4; lastKnownFileType = sourcecode.swift; path = "Übung.swift"; sourceTree = "<group>"; };
		42B6C6391DC1D31F00E34C6D /* Rechnen.app */ = {isa = PBXFileReference; explicitFileType = wrapper.application; includeInIndex = 0; path = Rechnen.app; sourceTree = BUILT_PRODUCTS_DIR; };
		42B6C63C1DC1D31F00E34C6D /* AppDelegate.swift */ = {isa = PBXFileReference; lastKnownFileType = sourcecode.swift; path = AppDelegate.swift; sourceTree = "<group>"; };
		42B6C63E1DC1D31F00E34C6D /* RechnenViewController.swift */ = {isa = PBXFileReference; lastKnownFileType = sourcecode.swift; path = RechnenViewController.swift; sourceTree = "<group>"; };
		42B6C6401DC1D31F00E34C6D /* Assets.xcassets */ = {isa = PBXFileReference; lastKnownFileType = folder.assetcatalog; path = Assets.xcassets; sourceTree = "<group>"; };
		42B6C6431DC1D31F00E34C6D /* Base */ = {isa = PBXFileReference; lastKnownFileType = file.storyboard; name = Base; path = Base.lproj/Main.storyboard; sourceTree = "<group>"; };
		42B6C6451DC1D31F00E34C6D /* Info.plist */ = {isa = PBXFileReference; lastKnownFileType = text.plist.xml; path = Info.plist; sourceTree = "<group>"; };
		42B6C64B1DC1D39200E34C6D /* RechnenWindowController.swift */ = {isa = PBXFileReference; fileEncoding = 4; lastKnownFileType = sourcecode.swift; path = RechnenWindowController.swift; sourceTree = "<group>"; };
		42B6C64D1DC1D42F00E34C6D /* EinstellungenViewController.swift */ = {isa = PBXFileReference; fileEncoding = 4; lastKnownFileType = sourcecode.swift; path = EinstellungenViewController.swift; sourceTree = "<group>"; };
		42B6C64F1DC1D51200E34C6D /* RechnenPreferences.swift */ = {isa = PBXFileReference; fileEncoding = 4; lastKnownFileType = sourcecode.swift; path = RechnenPreferences.swift; sourceTree = "<group>"; };
		42B6C6531DC1D5A800E34C6D /* Rechnung.swift */ = {isa = PBXFileReference; fileEncoding = 4; lastKnownFileType = sourcecode.swift; path = Rechnung.swift; sourceTree = "<group>"; };
		42E502C31DCB3F2400BCEC4A /* CustomTimer.swift */ = {isa = PBXFileReference; fileEncoding = 4; lastKnownFileType = sourcecode.swift; path = CustomTimer.swift; sourceTree = "<group>"; };
		A793BA5B1DC4C8D3007A95A8 /* CustomSegue.swift */ = {isa = PBXFileReference; fileEncoding = 4; lastKnownFileType = sourcecode.swift; path = CustomSegue.swift; sourceTree = "<group>"; };
		A793BA5D1DC4C8F9007A95A8 /* SlideLeftSegue.swift */ = {isa = PBXFileReference; fileEncoding = 4; lastKnownFileType = sourcecode.swift; path = SlideLeftSegue.swift; sourceTree = "<group>"; };
		A793BA5F1DC4C911007A95A8 /* SlideRightSegue.swift */ = {isa = PBXFileReference; fileEncoding = 4; lastKnownFileType = sourcecode.swift; path = SlideRightSegue.swift; sourceTree = "<group>"; };
		A7F947471DC335A600E7D286 /* ContainerViewController.swift */ = {isa = PBXFileReference; fileEncoding = 4; lastKnownFileType = sourcecode.swift; path = ContainerViewController.swift; sourceTree = "<group>"; };
		A7F9474B1DC335D800E7D286 /* BewertenViewController.swift */ = {isa = PBXFileReference; fileEncoding = 4; lastKnownFileType = sourcecode.swift; path = BewertenViewController.swift; sourceTree = "<group>"; };
/* End PBXFileReference section */

/* Begin PBXFrameworksBuildPhase section */
		42B6C6361DC1D31F00E34C6D /* Frameworks */ = {
			isa = PBXFrameworksBuildPhase;
			buildActionMask = 2147483647;
			files = (
			);
			runOnlyForDeploymentPostprocessing = 0;
		};
/* End PBXFrameworksBuildPhase section */

/* Begin PBXGroup section */
		42B6C6301DC1D31F00E34C6D = {
			isa = PBXGroup;
			children = (
				42B6C63B1DC1D31F00E34C6D /* Rechnen */,
				42B6C63A1DC1D31F00E34C6D /* Products */,
			);
			sourceTree = "<group>";
		};
		42B6C63A1DC1D31F00E34C6D /* Products */ = {
			isa = PBXGroup;
			children = (
				42B6C6391DC1D31F00E34C6D /* Rechnen.app */,
			);
			name = Products;
			sourceTree = "<group>";
		};
		42B6C63B1DC1D31F00E34C6D /* Rechnen */ = {
			isa = PBXGroup;
			children = (
				42B6C63C1DC1D31F00E34C6D /* AppDelegate.swift */,
				42B6C64F1DC1D51200E34C6D /* RechnenPreferences.swift */,
				42B6C64B1DC1D39200E34C6D /* RechnenWindowController.swift */,
				A7F947471DC335A600E7D286 /* ContainerViewController.swift */,
				426E981C1DC72C8400DA5EC2 /* StartenViewController.swift */,
				42B6C63E1DC1D31F00E34C6D /* RechnenViewController.swift */,
				A7F9474B1DC335D800E7D286 /* BewertenViewController.swift */,
				42B6C64D1DC1D42F00E34C6D /* EinstellungenViewController.swift */,
				426E981E1DC7BCEB00DA5EC2 /* Übung.swift */,
				42B6C6531DC1D5A800E34C6D /* Rechnung.swift */,
				42E502C31DCB3F2400BCEC4A /* CustomTimer.swift */,
				A793BA5B1DC4C8D3007A95A8 /* CustomSegue.swift */,
				A793BA5D1DC4C8F9007A95A8 /* SlideLeftSegue.swift */,
				A793BA5F1DC4C911007A95A8 /* SlideRightSegue.swift */,
				424AD91C1DC7E3EE00124CE8 /* DoubleExtension.swift */,
				42B6C6401DC1D31F00E34C6D /* Assets.xcassets */,
				42B6C6421DC1D31F00E34C6D /* Main.storyboard */,
				42B6C6451DC1D31F00E34C6D /* Info.plist */,
			);
			path = Rechnen;
			sourceTree = "<group>";
		};
/* End PBXGroup section */

/* Begin PBXNativeTarget section */
		42B6C6381DC1D31F00E34C6D /* Rechnen */ = {
			isa = PBXNativeTarget;
			buildConfigurationList = 42B6C6481DC1D31F00E34C6D /* Build configuration list for PBXNativeTarget "Rechnen" */;
			buildPhases = (
				42B6C6351DC1D31F00E34C6D /* Sources */,
				42B6C6361DC1D31F00E34C6D /* Frameworks */,
				42B6C6371DC1D31F00E34C6D /* Resources */,
			);
			buildRules = (
			);
			dependencies = (
			);
			name = Rechnen;
			productName = Rechnen;
			productReference = 42B6C6391DC1D31F00E34C6D /* Rechnen.app */;
			productType = "com.apple.product-type.application";
		};
/* End PBXNativeTarget section */

/* Begin PBXProject section */
		42B6C6311DC1D31F00E34C6D /* Project object */ = {
			isa = PBXProject;
			attributes = {
				KnownAssetTags = (
					1,
					2,
					3,
					4,
				);
				LastSwiftUpdateCheck = 0800;
				LastUpgradeCheck = 0810;
				ORGANIZATIONNAME = "René Lieb";
				TargetAttributes = {
					42B6C6381DC1D31F00E34C6D = {
						CreatedOnToolsVersion = 8.0;
						ProvisioningStyle = Automatic;
					};
				};
			};
			buildConfigurationList = 42B6C6341DC1D31F00E34C6D /* Build configuration list for PBXProject "Rechnen" */;
			compatibilityVersion = "Xcode 3.2";
			developmentRegion = English;
			hasScannedForEncodings = 0;
			knownRegions = (
				en,
				Base,
			);
			mainGroup = 42B6C6301DC1D31F00E34C6D;
			productRefGroup = 42B6C63A1DC1D31F00E34C6D /* Products */;
			projectDirPath = "";
			projectRoot = "";
			targets = (
				42B6C6381DC1D31F00E34C6D /* Rechnen */,
			);
		};
/* End PBXProject section */

/* Begin PBXResourcesBuildPhase section */
		42B6C6371DC1D31F00E34C6D /* Resources */ = {
			isa = PBXResourcesBuildPhase;
			buildActionMask = 2147483647;
			files = (
				42B6C6411DC1D31F00E34C6D /* Assets.xcassets in Resources */,
				42B6C6441DC1D31F00E34C6D /* Main.storyboard in Resources */,
			);
			runOnlyForDeploymentPostprocessing = 0;
		};
/* End PBXResourcesBuildPhase section */

/* Begin PBXSourcesBuildPhase section */
		42B6C6351DC1D31F00E34C6D /* Sources */ = {
			isa = PBXSourcesBuildPhase;
			buildActionMask = 2147483647;
			files = (
				424AD91D1DC7E3EE00124CE8 /* DoubleExtension.swift in Sources */,
				426E981F1DC7BCEB00DA5EC2 /* Übung.swift in Sources */,
				A793BA601DC4C911007A95A8 /* SlideRightSegue.swift in Sources */,
				A793BA5E1DC4C8F9007A95A8 /* SlideLeftSegue.swift in Sources */,
				42B6C6541DC1D5A800E34C6D /* Rechnung.swift in Sources */,
				42E502C41DCB3F2400BCEC4A /* CustomTimer.swift in Sources */,
				A7F947481DC335A600E7D286 /* ContainerViewController.swift in Sources */,
				A793BA5C1DC4C8D3007A95A8 /* CustomSegue.swift in Sources */,
				42B6C64E1DC1D42F00E34C6D /* EinstellungenViewController.swift in Sources */,
				42B6C6501DC1D51200E34C6D /* RechnenPreferences.swift in Sources */,
				42B6C63F1DC1D31F00E34C6D /* RechnenViewController.swift in Sources */,
				A7F9474C1DC335D800E7D286 /* BewertenViewController.swift in Sources */,
				426E981D1DC72C8400DA5EC2 /* StartenViewController.swift in Sources */,
				42B6C63D1DC1D31F00E34C6D /* AppDelegate.swift in Sources */,
				42B6C64C1DC1D39200E34C6D /* RechnenWindowController.swift in Sources */,
			);
			runOnlyForDeploymentPostprocessing = 0;
		};
/* End PBXSourcesBuildPhase section */

/* Begin PBXVariantGroup section */
		42B6C6421DC1D31F00E34C6D /* Main.storyboard */ = {
			isa = PBXVariantGroup;
			children = (
				42B6C6431DC1D31F00E34C6D /* Base */,
			);
			name = Main.storyboard;
			sourceTree = "<group>";
		};
/* End PBXVariantGroup section */

/* Begin XCBuildConfiguration section */
		42B6C6461DC1D31F00E34C6D /* Debug */ = {
			isa = XCBuildConfiguration;
			buildSettings = {
				ALWAYS_SEARCH_USER_PATHS = NO;
				CLANG_ANALYZER_NONNULL = YES;
				CLANG_CXX_LANGUAGE_STANDARD = "gnu++0x";
				CLANG_CXX_LIBRARY = "libc++";
				CLANG_ENABLE_MODULES = YES;
				CLANG_ENABLE_OBJC_ARC = YES;
				CLANG_WARN_BOOL_CONVERSION = YES;
				CLANG_WARN_CONSTANT_CONVERSION = YES;
				CLANG_WARN_DIRECT_OBJC_ISA_USAGE = YES_ERROR;
				CLANG_WARN_DOCUMENTATION_COMMENTS = YES;
				CLANG_WARN_EMPTY_BODY = YES;
				CLANG_WARN_ENUM_CONVERSION = YES;
				CLANG_WARN_INFINITE_RECURSION = YES;
				CLANG_WARN_INT_CONVERSION = YES;
				CLANG_WARN_OBJC_ROOT_CLASS = YES_ERROR;
				CLANG_WARN_SUSPICIOUS_MOVE = YES;
				CLANG_WARN_SUSPICIOUS_MOVES = YES;
				CLANG_WARN_UNREACHABLE_CODE = YES;
				CLANG_WARN__DUPLICATE_METHOD_MATCH = YES;
				CODE_SIGN_IDENTITY = "-";
				COPY_PHASE_STRIP = NO;
				DEBUG_INFORMATION_FORMAT = dwarf;
				ENABLE_STRICT_OBJC_MSGSEND = YES;
				ENABLE_TESTABILITY = YES;
				GCC_C_LANGUAGE_STANDARD = gnu99;
				GCC_DYNAMIC_NO_PIC = NO;
				GCC_NO_COMMON_BLOCKS = YES;
				GCC_OPTIMIZATION_LEVEL = 0;
				GCC_PREPROCESSOR_DEFINITIONS = (
					"DEBUG=1",
					"$(inherited)",
				);
				GCC_WARN_64_TO_32_BIT_CONVERSION = YES;
				GCC_WARN_ABOUT_RETURN_TYPE = YES_ERROR;
				GCC_WARN_UNDECLARED_SELECTOR = YES;
				GCC_WARN_UNINITIALIZED_AUTOS = YES_AGGRESSIVE;
				GCC_WARN_UNUSED_FUNCTION = YES;
				GCC_WARN_UNUSED_VARIABLE = YES;
				MACOSX_DEPLOYMENT_TARGET = 10.11;
				MTL_ENABLE_DEBUG_INFO = YES;
				ONLY_ACTIVE_ARCH = YES;
				SDKROOT = macosx;
				SWIFT_ACTIVE_COMPILATION_CONDITIONS = DEBUG;
				SWIFT_OPTIMIZATION_LEVEL = "-Onone";
			};
			name = Debug;
		};
		42B6C6471DC1D31F00E34C6D /* Release */ = {
			isa = XCBuildConfiguration;
			buildSettings = {
				ALWAYS_SEARCH_USER_PATHS = NO;
				CLANG_ANALYZER_NONNULL = YES;
				CLANG_CXX_LANGUAGE_STANDARD = "gnu++0x";
				CLANG_CXX_LIBRARY = "libc++";
				CLANG_ENABLE_MODULES = YES;
				CLANG_ENABLE_OBJC_ARC = YES;
				CLANG_WARN_BOOL_CONVERSION = YES;
				CLANG_WARN_CONSTANT_CONVERSION = YES;
				CLANG_WARN_DIRECT_OBJC_ISA_USAGE = YES_ERROR;
				CLANG_WARN_DOCUMENTATION_COMMENTS = YES;
				CLANG_WARN_EMPTY_BODY = YES;
				CLANG_WARN_ENUM_CONVERSION = YES;
				CLANG_WARN_INFINITE_RECURSION = YES;
				CLANG_WARN_INT_CONVERSION = YES;
				CLANG_WARN_OBJC_ROOT_CLASS = YES_ERROR;
				CLANG_WARN_SUSPICIOUS_MOVE = YES;
				CLANG_WARN_SUSPICIOUS_MOVES = YES;
				CLANG_WARN_UNREACHABLE_CODE = YES;
				CLANG_WARN__DUPLICATE_METHOD_MATCH = YES;
				CODE_SIGN_IDENTITY = "-";
				COPY_PHASE_STRIP = NO;
				DEBUG_INFORMATION_FORMAT = "dwarf-with-dsym";
				ENABLE_NS_ASSERTIONS = NO;
				ENABLE_STRICT_OBJC_MSGSEND = YES;
				GCC_C_LANGUAGE_STANDARD = gnu99;
				GCC_NO_COMMON_BLOCKS = YES;
				GCC_WARN_64_TO_32_BIT_CONVERSION = YES;
				GCC_WARN_ABOUT_RETURN_TYPE = YES_ERROR;
				GCC_WARN_UNDECLARED_SELECTOR = YES;
				GCC_WARN_UNINITIALIZED_AUTOS = YES_AGGRESSIVE;
				GCC_WARN_UNUSED_FUNCTION = YES;
				GCC_WARN_UNUSED_VARIABLE = YES;
				MACOSX_DEPLOYMENT_TARGET = 10.11;
				MTL_ENABLE_DEBUG_INFO = NO;
				SDKROOT = macosx;
				SWIFT_OPTIMIZATION_LEVEL = "-Owholemodule";
			};
			name = Release;
		};
		42B6C6491DC1D31F00E34C6D /* Debug */ = {
			isa = XCBuildConfiguration;
			buildSettings = {
				ASSETCATALOG_COMPILER_APPICON_NAME = AppIcon;
				COMBINE_HIDPI_IMAGES = YES;
				INFOPLIST_FILE = Rechnen/Info.plist;
				LD_RUNPATH_SEARCH_PATHS = "$(inherited) @executable_path/../Frameworks";
				PRODUCT_BUNDLE_IDENTIFIER = ch.lieb.Rechnen;
				PRODUCT_NAME = "$(TARGET_NAME)";
				SWIFT_VERSION = 3.0;
			};
			name = Debug;
		};
		42B6C64A1DC1D31F00E34C6D /* Release */ = {
			isa = XCBuildConfiguration;
			buildSettings = {
				ASSETCATALOG_COMPILER_APPICON_NAME = AppIcon;
				COMBINE_HIDPI_IMAGES = YES;
				INFOPLIST_FILE = Rechnen/Info.plist;
				LD_RUNPATH_SEARCH_PATHS = "$(inherited) @executable_path/../Frameworks";
				PRODUCT_BUNDLE_IDENTIFIER = ch.lieb.Rechnen;
				PRODUCT_NAME = "$(TARGET_NAME)";
				SWIFT_VERSION = 3.0;
			};
			name = Release;
		};
/* End XCBuildConfiguration section */

/* Begin XCConfigurationList section */
		42B6C6341DC1D31F00E34C6D /* Build configuration list for PBXProject "Rechnen" */ = {
			isa = XCConfigurationList;
			buildConfigurations = (
				42B6C6461DC1D31F00E34C6D /* Debug */,
				42B6C6471DC1D31F00E34C6D /* Release */,
			);
			defaultConfigurationIsVisible = 0;
			defaultConfigurationName = Release;
		};
		42B6C6481DC1D31F00E34C6D /* Build configuration list for PBXNativeTarget "Rechnen" */ = {
			isa = XCConfigurationList;
			buildConfigurations = (
				42B6C6491DC1D31F00E34C6D /* Debug */,
				42B6C64A1DC1D31F00E34C6D /* Release */,
			);
			defaultConfigurationIsVisible = 0;
			defaultConfigurationName = Release;
		};
/* End XCConfigurationList section */
	};
	rootObject = 42B6C6311DC1D31F00E34C6D /* Project object */;
}
